Microsoft Visual Studio Solution File, Format Version 12.00
# Visual Studio Version 17
VisualStudioVersion = 17.0.31903.59
MinimumVisualStudioVersion = 10.0.40219.1
Project("{FAE04EC0-301F-11D3-BF4B-00C04F79EFBC}") = "DeskTown.Domain", "src\DeskTown.Domain\DeskTown.Domain.csproj", "{2B1C240F-9E50-4EE9-9B67-5F29EEC88101}"
EndProject
Project("{FAE04EC0-301F-11D3-BF4B-00C04F79EFBC}") = "DeskTown.Application", "src\DeskTown.Application\DeskTown.Application.csproj", "{693A3738-59C5-4C2A-9A81-F2D710F8E102}"
EndProject
Project("{FAE04EC0-301F-11D3-BF4B-00C04F79EFBC}") = "DeskTown.Persistence", "src\DeskTown.Persistence\DeskTown.Persistence.csproj", "{038BD467-A07A-4CDD-BE76-901A58B8BB02}"
EndProject
Project("{FAE04EC0-301F-11D3-BF4B-00C04F79EFBC}") = "DeskTown.Platform.Windows", "src\DeskTown.Platform.Windows\DeskTown.Platform.Windows.csproj", "{8D08D3D9-28CE-4973-B4BB-69E190157103}"
EndProject
Project("{FAE04EC0-301F-11D3-BF4B-00C04F79EFBC}") = "DeskTown", "DeskTown.csproj", "{29A792D6-75C7-4C4A-97AA-8916435C7104}"
EndProject
Project("{FAE04EC0-301F-11D3-BF4B-00C04F79EFBC}") = "DeskTown.Foundation.Tests", "tests\DeskTown.Foundation.Tests\DeskTown.Foundation.Tests.csproj", "{6F16BC73-039C-47AD-A6AE-5E6B09754105}"
EndProject
Project("{FAE04EC0-301F-11D3-BF4B-00C04F79EFBC}") = "DeskTown.Domain.Tests", "tests\DeskTown.Domain.Tests\DeskTown.Domain.Tests.csproj", "{A3C1B566-796D-4A86-AF63-23DC15E81D06}"
EndProject
Project("{FAE04EC0-301F-11D3-BF4B-00C04F79EFBC}") = "DeskTown.Application.Tests", "tests\DeskTown.Application.Tests\DeskTown.Application.Tests.csproj", "{7D406A45-6369-4E33-9352-988280FA5C07}"
EndProject
Project("{FAE04EC0-301F-11D3-BF4B-00C04F79EFBC}") = "DeskTown.Platform.Windows.Tests", "tests\DeskTown.Platform.Windows.Tests\DeskTown.Platform.Windows.Tests.csproj", "{A81E5484-76BD-4B74-A38A-E5DB38794A08}"
EndProject
Global
	GlobalSection(SolutionConfigurationPlatforms) = preSolution
		Debug|Any CPU = Debug|Any CPU
		Release|Any CPU = Release|Any CPU
	EndGlobalSection
	GlobalSection(ProjectConfigurationPlatforms) = postSolution
		{2B1C240F-9E50-4EE9-9B67-5F29EEC88101}.Debug|Any CPU.ActiveCfg = Debug|Any CPU
		{2B1C240F-9E50-4EE9-9B67-5F29EEC88101}.Debug|Any CPU.Build.0 = Debug|Any CPU
		{2B1C240F-9E50-4EE9-9B67-5F29EEC88101}.Release|Any CPU.ActiveCfg = Release|Any CPU
		{2B1C240F-9E50-4EE9-9B67-5F29EEC88101}.Release|Any CPU.Build.0 = Release|Any CPU
		{693A3738-59C5-4C2A-9A81-F2D710F8E102}.Debug|Any CPU.ActiveCfg = Debug|Any CPU
		{693A3738-59C5-4C2A-9A81-F2D710F8E102}.Debug|Any CPU.Build.0 = Debug|Any CPU
		{693A3738-59C5-4C2A-9A81-F2D710F8E102}.Release|Any CPU.ActiveCfg = Release|Any CPU
		{693A3738-59C5-4C2A-9A81-F2D710F8E102}.Release|Any CPU.Build.0 = Release|Any CPU
		{038BD467-A07A-4CDD-BE76-901A58B8BB02}.Debug|Any CPU.ActiveCfg = Debug|Any CPU
		{038BD467-A07A-4CDD-BE76-901A58B8BB02}.Debug|Any CPU.Build.0 = Debug|Any CPU
		{038BD467-A07A-4CDD-BE76-901A58B8BB02}.Release|Any CPU.ActiveCfg = Release|Any CPU
		{038BD467-A07A-4CDD-BE76-901A58B8BB02}.Release|Any CPU.Build.0 = Release|Any CPU
		{8D08D3D9-28CE-4973-B4BB-69E190157103}.Debug|Any CPU.ActiveCfg = Debug|Any CPU
		{8D08D3D9-28CE-4973-B4BB-69E190157103}.Debug|Any CPU.Build.0 = Debug|Any CPU
		{8D08D3D9-28CE-4973-B4BB-69E190157103}.Release|Any CPU.ActiveCfg = Release|Any CPU
		{8D08D3D9-28CE-4973-B4BB-69E190157103}.Release|Any CPU.Build.0 = Release|Any CPU
		{29A792D6-75C7-4C4A-97AA-8916435C7104}.Debug|Any CPU.ActiveCfg = Debug|Any CPU
		{29A792D6-75C7-4C4A-97AA-8916435C7104}.Debug|Any CPU.Build.0 = Debug|Any CPU
		{29A792D6-75C7-4C4A-97AA-8916435C7104}.Release|Any CPU.ActiveCfg = Release|Any CPU
		{29A792D6-75C7-4C4A-97AA-8916435C7104}.Release|Any CPU.Build.0 = Release|Any CPU
		{6F16BC73-039C-47AD-A6AE-5E6B09754105}.Debug|Any CPU.ActiveCfg = Debug|Any CPU
		{6F16BC73-039C-47AD-A6AE-5E6B09754105}.Debug|Any CPU.Build.0 = Debug|Any CPU
		{6F16BC73-039C-47AD-A6AE-5E6B09754105}.Release|Any CPU.ActiveCfg = Release|Any CPU
		{6F16BC73-039C-47AD-A6AE-5E6B09754105}.Release|Any CPU.Build.0 = Release|Any CPU
		{A3C1B566-796D-4A86-AF63-23DC15E81D06}.Debug|Any CPU.ActiveCfg = Debug|Any CPU
		{A3C1B566-796D-4A86-AF63-23DC15E81D06}.Debug|Any CPU.Build.0 = Debug|Any CPU
		{A3C1B566-796D-4A86-AF63-23DC15E81D06}.Release|Any CPU.ActiveCfg = Release|Any CPU
		{A3C1B566-796D-4A86-AF63-23DC15E81D06}.Release|Any CPU.Build.0 = Release|Any CPU
		{7D406A45-6369-4E33-9352-988280FA5C07}.Debug|Any CPU.ActiveCfg = Debug|Any CPU
		{7D406A45-6369-4E33-9352-988280FA5C07}.Debug|Any CPU.Build.0 = Debug|Any CPU
		{7D406A45-6369-4E33-9352-988280FA5C07}.Release|Any CPU.ActiveCfg = Release|Any CPU
		{7D406A45-6369-4E33-9352-988280FA5C07}.Release|Any CPU.Build.0 = Release|Any CPU
		{A81E5484-76BD-4B74-A38A-E5DB38794A08}.Debug|Any CPU.ActiveCfg = Debug|Any CPU
		{A81E5484-76BD-4B74-A38A-E5DB38794A08}.Debug|Any CPU.Build.0 = Debug|Any CPU
		{A81E5484-76BD-4B74-A38A-E5DB38794A08}.Release|Any CPU.ActiveCfg = Release|Any CPU
		{A81E5484-76BD-4B74-A38A-E5DB38794A08}.Release|Any CPU.Build.0 = Release|Any CPU
	EndGlobalSection
	GlobalSection(SolutionProperties) = preSolution
		HideSolutionNode = FALSE
	EndGlobalSection
EndGlobal
